[[package]]
category = "main"
description = "ASGI specs, helper code, and adapters"
name = "asgiref"
optional = false
python-versions = "*"
version = "3.2.3"

[package.extras]
tests = ["pytest (>=4.3.0,<4.4.0)", "pytest-asyncio (>=0.10.0,<0.11.0)"]

[[package]]
category = "dev"
description = "Atomic file writes."
name = "atomicwrites"
optional = false
python-versions = ">=2.7, !=3.0.*, !=3.1.*, !=3.2.*, !=3.3.*"
version = "1.3.0"

[[package]]
category = "dev"
description = "Classes Without Boilerplate"
name = "attrs"
optional = false
python-versions = ">=2.7, !=3.0.*, !=3.1.*, !=3.2.*, !=3.3.*"
version = "19.3.0"

[package.extras]
azure-pipelines = ["coverage", "hypothesis", "pympler", "pytest (>=4.3.0)", "six", "zope.interface", "pytest-azurepipelines"]
dev = ["coverage", "hypothesis", "pympler", "pytest (>=4.3.0)", "six", "zope.interface", "sphinx", "pre-commit"]
docs = ["sphinx", "zope.interface"]
tests = ["coverage", "hypothesis", "pympler", "pytest (>=4.3.0)", "six", "zope.interface"]

[[package]]
category = "main"
description = "Python package for providing Mozilla's CA Bundle."
name = "certifi"
optional = false
python-versions = "*"
version = "2019.11.28"

[[package]]
category = "main"
description = "Universal encoding detector for Python 2 and 3"
name = "chardet"
optional = false
python-versions = "*"
version = "3.0.4"

[[package]]
category = "dev"
description = "Cross-platform colored terminal text."
marker = "sys_platform == \"win32\""
name = "colorama"
optional = false
python-versions = ">=2.7, !=3.0.*, !=3.1.*, !=3.2.*, !=3.3.*, !=3.4.*"
version = "0.4.3"

[[package]]
category = "main"
description = "XML bomb protection for Python stdlib modules"
name = "defusedxml"
optional = false
python-versions = ">=2.7, !=3.0.*, !=3.1.*, !=3.2.*, !=3.3.*, !=3.4.*"
version = "0.6.0"

[[package]]
category = "main"
description = "A high-level Python Web framework that encourages rapid development and clean, pragmatic design."
name = "django"
optional = false
python-versions = ">=3.6"
version = "3.0.2"

[package.dependencies]
asgiref = ">=3.2,<4.0"
pytz = "*"
sqlparse = ">=0.2.2"

[package.extras]
argon2 = ["argon2-cffi (>=16.1.0)"]
bcrypt = ["bcrypt"]

[[package]]
category = "main"
description = "Integrated set of Django applications addressing authentication, registration, account management as well as 3rd party (social) account authentication."
name = "django-allauth"
optional = false
python-versions = "*"
version = "0.41.0"

[package.dependencies]
Django = ">=2.0"
python3-openid = ">=3.0.8"
requests = "*"
requests-oauthlib = ">=0.3.0"

[[package]]
category = "main"
description = "django-cors-headers is a Django application for handling the server headers required for Cross-Origin Resource Sharing (CORS)."
name = "django-cors-headers"
optional = false
python-versions = ">=3.5"
version = "3.2.1"

[package.dependencies]
Django = ">=1.11"

[[package]]
category = "main"
description = "Django-filter is a reusable Django application for allowing users to filter querysets dynamically."
name = "django-filter"
optional = false
python-versions = ">=3.4"
version = "2.2.0"

[package.dependencies]
Django = ">=1.11"

[[package]]
category = "main"
description = "script tag with additional attributes for django.forms.Media"
name = "django-js-asset"
optional = false
python-versions = "*"
version = "1.2.2"

[[package]]
category = "main"
description = "Utilities for implementing Modified Preorder Tree Traversal with your Django Models and working with trees of Model instances."
name = "django-mptt"
optional = false
python-versions = ">=3.5"
version = "0.10.0"

[package.dependencies]
Django = ">=1.11"
django-js-asset = "*"

[[package]]
category = "main"
description = "Create a set of REST API endpoints for Authentication and Registration"
name = "django-rest-auth"
optional = false
python-versions = "*"
version = "0.9.5"

[package.dependencies]
Django = ">=1.8.0"
djangorestframework = ">=3.1.3"
six = ">=1.9.0"

[package.extras]
with_social = ["django-allauth (>=0.25.0)"]

[[package]]
category = "main"
description = "alias."
name = "django-rest-framework"
optional = false
python-versions = "*"
version = "0.1.0"

[package.dependencies]
djangorestframework = "*"

[[package]]
category = "main"
description = "Web APIs for Django, made easy."
name = "djangorestframework"
optional = false
python-versions = ">=3.5"
version = "3.11.0"

[package.dependencies]
django = ">=1.11"

[[package]]
category = "main"
description = "A minimal JSON Web Token authentication plugin for Django REST Framework"
name = "djangorestframework-simplejwt"
optional = false
python-versions = ">=3.5,<4"
version = "4.3.0"

[package.dependencies]
django = "*"
djangorestframework = "*"
pyjwt = "*"

[package.extras]
dev = ["bumpversion (>=0.5.3,<1)", "pytest-watch", "wheel", "twine", "ipython", "cryptography", "pytest-cov", "pytest-django", "pytest-xdist", "pytest", "tox", "flake8", "pep8", "isort", "Sphinx (>=1.6.5,<2)", "sphinx-rtd-theme (>=0.1.9)", "python-jose (3.0.0)"]
doc = ["Sphinx (>=1.6.5,<2)", "sphinx-rtd-theme (>=0.1.9)"]
lint = ["flake8", "pep8", "isort"]
python-jose = ["python-jose (3.0.0)"]
test = ["cryptography", "pytest-cov", "pytest-django", "pytest-xdist", "pytest", "tox"]

[[package]]
category = "main"
description = "WSGI HTTP Server for UNIX"
name = "gunicorn"
optional = false
python-versions = ">=2.6, !=3.0.*, !=3.1.*"
version = "19.10.0"

[package.extras]
eventlet = ["eventlet (>=0.9.7)"]
gevent = ["gevent (>=0.13)"]
tornado = ["tornado (>=0.2)"]

[[package]]
category = "main"
description = "Internationalized Domain Names in Applications (IDNA)"
name = "idna"
optional = false
python-versions = ">=2.7, !=3.0.*, !=3.1.*, !=3.2.*, !=3.3.*"
version = "2.8"

[[package]]
category = "dev"
description = "Read metadata from Python packages"
marker = "python_version < \"3.8\""
name = "importlib-metadata"
optional = false
python-versions = "!=3.0.*,!=3.1.*,!=3.2.*,!=3.3.*,!=3.4.*,>=2.7"
version = "1.4.0"

[package.dependencies]
zipp = ">=0.5"

[package.extras]
docs = ["sphinx", "rst.linker"]
testing = ["packaging", "importlib-resources"]

[[package]]
category = "dev"
description = "More routines for operating on iterables, beyond itertools"
name = "more-itertools"
optional = false
python-versions = ">=3.5"
version = "8.1.0"

[[package]]
category = "main"
description = "A generic, spec-compliant, thorough implementation of the OAuth request-signing logic"
name = "oauthlib"
optional = false
python-versions = ">=2.7, !=3.0.*, !=3.1.*, !=3.2.*, !=3.3.*"
version = "3.1.0"

[package.extras]
rsa = ["cryptography"]
signals = ["blinker"]
signedtoken = ["cryptography", "pyjwt (>=1.0.0)"]

[[package]]
category = "dev"
description = "plugin and hook calling mechanisms for python"
name = "pluggy"
optional = false
python-versions = ">=2.7, !=3.0.*, !=3.1.*, !=3.2.*, !=3.3.*"
version = "0.13.1"

[package.dependencies]
[package.dependencies.importlib-metadata]
python = "<3.8"
version = ">=0.12"

[package.extras]
dev = ["pre-commit", "tox"]

[[package]]
category = "dev"
description = "library with cross-python path, ini-parsing, io, code, log facilities"
name = "py"
optional = false
python-versions = ">=2.7, !=3.0.*, !=3.1.*, !=3.2.*, !=3.3.*"
version = "1.8.1"

[[package]]
category = "main"
description = "JSON Web Token implementation in Python"
name = "pyjwt"
optional = false
python-versions = "*"
version = "1.7.1"

[package.extras]
crypto = ["cryptography (>=1.4)"]
flake8 = ["flake8", "flake8-import-order", "pep8-naming"]
test = ["pytest (>=4.0.1,<5.0.0)", "pytest-cov (>=2.6.0,<3.0.0)", "pytest-runner (>=4.2,<5.0.0)"]

[[package]]
category = "dev"
description = "pytest: simple powerful testing with Python"
name = "pytest"
optional = false
python-versions = ">=2.7, !=3.0.*, !=3.1.*, !=3.2.*, !=3.3.*"
version = "3.10.1"

[package.dependencies]
atomicwrites = ">=1.0"
attrs = ">=17.4.0"
colorama = "*"
more-itertools = ">=4.0.0"
pluggy = ">=0.7"
py = ">=1.5.0"
setuptools = "*"
six = ">=1.10.0"

[[package]]
category = "main"
description = "OpenID support for modern servers and consumers."
name = "python3-openid"
optional = false
python-versions = "*"
version = "3.1.0"

[package.dependencies]
defusedxml = "*"

[[package]]
category = "main"
description = "World timezone definitions, modern and historical"
name = "pytz"
optional = false
python-versions = "*"
version = "2019.3"

[[package]]
category = "main"
description = "Python HTTP for Humans."
name = "requests"
optional = false
python-versions = ">=2.7, !=3.0.*, !=3.1.*, !=3.2.*, !=3.3.*, !=3.4.*"
version = "2.22.0"

[package.dependencies]
certifi = ">=2017.4.17"
chardet = ">=3.0.2,<3.1.0"
idna = ">=2.5,<2.9"
urllib3 = ">=1.21.1,<1.25.0 || >1.25.0,<1.25.1 || >1.25.1,<1.26"

[package.extras]
security = ["pyOpenSSL (>=0.14)", "cryptography (>=1.3.4)", "idna (>=2.0.0)"]
socks = ["PySocks (>=1.5.6,<1.5.7 || >1.5.7)", "win-inet-pton"]

[[package]]
category = "main"
description = "OAuthlib authentication support for Requests."
name = "requests-oauthlib"
optional = false
python-versions = ">=2.7, !=3.0.*, !=3.1.*, !=3.2.*, !=3.3.*"
version = "1.3.0"

[package.dependencies]
oauthlib = ">=3.0.0"
requests = ">=2.0.0"

[package.extras]
rsa = ["oauthlib (>=3.0.0)"]

[[package]]
category = "main"
description = "Python 2 and 3 compatibility utilities"
name = "six"
optional = false
python-versions = ">=2.7, !=3.0.*, !=3.1.*, !=3.2.*"
version = "1.14.0"

[[package]]
category = "main"
description = "Non-validating SQL parser"
name = "sqlparse"
optional = false
python-versions = ">=2.7, !=3.0.*, !=3.1.*, !=3.2.*, !=3.3.*"
version = "0.3.0"

[[package]]
category = "main"
description = "HTTP library with thread-safe connection pooling, file post, and more."
name = "urllib3"
optional = false
python-versions = ">=2.7, !=3.0.*, !=3.1.*, !=3.2.*, !=3.3.*, <4"
version = "1.25.7"

[package.extras]
brotli = ["brotlipy (>=0.6.0)"]
secure = ["pyOpenSSL (>=0.14)", "cryptography (>=1.3.4)", "idna (>=2.0.0)", "certifi", "ipaddress"]
socks = ["PySocks (>=1.5.6,<1.5.7 || >1.5.7,<2.0)"]

[[package]]
category = "dev"
description = "Backport of pathlib-compatible object wrapper for zip files"
marker = "python_version < \"3.8\""
name = "zipp"
optional = false
python-versions = ">=2.7"
version = "1.0.0"

[package.dependencies]
more-itertools = "*"

[package.extras]
docs = ["sphinx", "jaraco.packaging (>=3.2)", "rst.linker (>=1.9)"]
testing = ["pathlib2", "contextlib2", "unittest2"]

[metadata]
content-hash = "9f61070bfff3e18f4ba2c3a6cab71a7ffc515c9cbcb976de69f5fb2be6119b5e"
python-versions = "^3.7"

[metadata.files]
asgiref = [
    {file = "asgiref-3.2.3-py2.py3-none-any.whl", hash = "sha256:ea448f92fc35a0ef4b1508f53a04c4670255a3f33d22a81c8fc9c872036adbe5"},
    {file = "asgiref-3.2.3.tar.gz", hash = "sha256:7e06d934a7718bf3975acbf87780ba678957b87c7adc056f13b6215d610695a0"},
]
atomicwrites = [
    {file = "atomicwrites-1.3.0-py2.py3-none-any.whl", hash = "sha256:03472c30eb2c5d1ba9227e4c2ca66ab8287fbfbbda3888aa93dc2e28fc6811b4"},
    {file = "atomicwrites-1.3.0.tar.gz", hash = "sha256:75a9445bac02d8d058d5e1fe689654ba5a6556a1dfd8ce6ec55a0ed79866cfa6"},
]
attrs = [
    {file = "attrs-19.3.0-py2.py3-none-any.whl", hash = "sha256:08a96c641c3a74e44eb59afb61a24f2cb9f4d7188748e76ba4bb5edfa3cb7d1c"},
    {file = "attrs-19.3.0.tar.gz", hash = "sha256:f7b7ce16570fe9965acd6d30101a28f62fb4a7f9e926b3bbc9b61f8b04247e72"},
]
certifi = [
    {file = "certifi-2019.11.28-py2.py3-none-any.whl", hash = "sha256:017c25db2a153ce562900032d5bc68e9f191e44e9a0f762f373977de9df1fbb3"},
    {file = "certifi-2019.11.28.tar.gz", hash = "sha256:25b64c7da4cd7479594d035c08c2d809eb4aab3a26e5a990ea98cc450c320f1f"},
]
chardet = [
    {file = "chardet-3.0.4-py2.py3-none-any.whl", hash = "sha256:fc323ffcaeaed0e0a02bf4d117757b98aed530d9ed4531e3e15460124c106691"},
    {file = "chardet-3.0.4.tar.gz", hash = "sha256:84ab92ed1c4d4f16916e05906b6b75a6c0fb5db821cc65e70cbd64a3e2a5eaae"},
]
colorama = [
    {file = "colorama-0.4.3-py2.py3-none-any.whl", hash = "sha256:7d73d2a99753107a36ac6b455ee49046802e59d9d076ef8e47b61499fa29afff"},
    {file = "colorama-0.4.3.tar.gz", hash = "sha256:e96da0d330793e2cb9485e9ddfd918d456036c7149416295932478192f4436a1"},
]
defusedxml = [
    {file = "defusedxml-0.6.0-py2.py3-none-any.whl", hash = "sha256:6687150770438374ab581bb7a1b327a847dd9c5749e396102de3fad4e8a3ef93"},
    {file = "defusedxml-0.6.0.tar.gz", hash = "sha256:f684034d135af4c6cbb949b8a4d2ed61634515257a67299e5f940fbaa34377f5"},
]
django = [
    {file = "Django-3.0.2-py3-none-any.whl", hash = "sha256:4f2c913303be4f874015993420bf0bd8fd2097a9c88e6b49c6a92f9bdd3fb13a"},
    {file = "Django-3.0.2.tar.gz", hash = "sha256:8c3575f81e11390893860d97e1e0154c47512f180ea55bd84ce8fa69ba8051ca"},
]
django-allauth = [
    {file = "django-allauth-0.41.0.tar.gz", hash = "sha256:7ab91485b80d231da191d5c7999ba93170ef1bf14ab6487d886598a1ad03e1d8"},
]
django-cors-headers = [
    {file = "django-cors-headers-3.2.1.tar.gz", hash = "sha256:a5960addecc04527ab26617e51b8ed42f0adab4594b24bb0f3c33e2bd3857c3f"},
    {file = "django_cors_headers-3.2.1-py3-none-any.whl", hash = "sha256:a785b5f446f6635810776d9f5f5d23e6a2a2f728ea982648370afaf0dfdf2627"},
]
django-filter = [
    {file = "django-filter-2.2.0.tar.gz", hash = "sha256:c3deb57f0dd7ff94d7dce52a047516822013e2b441bed472b722a317658cfd14"},
    {file = "django_filter-2.2.0-py3-none-any.whl", hash = "sha256:558c727bce3ffa89c4a7a0b13bc8976745d63e5fd576b3a9a851650ef11c401b"},
]
django-js-asset = [
    {file = "django-js-asset-1.2.2.tar.gz", hash = "sha256:c163ae80d2e0b22d8fb598047cd0dcef31f81830e127cfecae278ad574167260"},
    {file = "django_js_asset-1.2.2-py2.py3-none-any.whl", hash = "sha256:8ec12017f26eec524cab436c64ae73033368a372970af4cf42d9354fcb166bdd"},
]
django-mptt = [
    {file = "django-mptt-0.10.0.tar.gz", hash = "sha256:c765c1501dd0b5c22f0ca8b948550bd294cd2db68aefa0560c6ed7fcfdf4b95e"},
    {file = "django_mptt-0.10.0-py2.py3-none-any.whl", hash = "sha256:6bf9eb26e54e92006ca82108a1c946c7df533ec27bddf3f795a83a32a3d1b04b"},
]
django-rest-auth = [
    {file = "django-rest-auth-0.9.5.tar.gz", hash = "sha256:f11e12175dafeed772f50d740d22caeab27e99a3caca24ec65e66a8d6de16571"},
]
django-rest-framework = [
    {file = "django-rest-framework-0.1.0.tar.gz", hash = "sha256:47a8f496fa69e3b6bd79f68dd7a1527d907d6b77f009e9db7cf9bb21cc565e4a"},
]
djangorestframework = [
    {file = "djangorestframework-3.11.0-py3-none-any.whl", hash = "sha256:05809fc66e1c997fd9a32ea5730d9f4ba28b109b9da71fccfa5ff241201fd0a4"},
    {file = "djangorestframework-3.11.0.tar.gz", hash = "sha256:e782087823c47a26826ee5b6fa0c542968219263fb3976ec3c31edab23a4001f"},
]
djangorestframework-simplejwt = [
    {file = "djangorestframework_simplejwt-4.3.0-py3-none-any.whl", hash = "sha256:4cb1a51bf9b098b983e1326a1cfc65fb0b3c5a2aa0fa43effdbf05dd6da5e8cb"},
    {file = "djangorestframework_simplejwt-4.3.0.tar.gz", hash = "sha256:d025211806622c53020aa4f66029f1f7305e38de6439116b4a842661fc02cf36"},
]
gunicorn = [
    {file = "gunicorn-19.10.0-py2.py3-none-any.whl", hash = "sha256:c3930fe8de6778ab5ea716cab432ae6335fa9f03b3f2c3e02529214c476f4bcb"},
    {file = "gunicorn-19.10.0.tar.gz", hash = "sha256:f9de24e358b841567063629cd0a656b26792a41e23a24d0dcb40224fc3940081"},
]
idna = [
    {file = "idna-2.8-py2.py3-none-any.whl", hash = "sha256:ea8b7f6188e6fa117537c3df7da9fc686d485087abf6ac197f9c46432f7e4a3c"},
    {file = "idna-2.8.tar.gz", hash = "sha256:c357b3f628cf53ae2c4c05627ecc484553142ca23264e593d327bcde5e9c3407"},
]
importlib-metadata = [
    {file = "importlib_metadata-1.4.0-py2.py3-none-any.whl", hash = "sha256:bdd9b7c397c273bcc9a11d6629a38487cd07154fa255a467bf704cd2c258e359"},
    {file = "importlib_metadata-1.4.0.tar.gz", hash = "sha256:f17c015735e1a88296994c0697ecea7e11db24290941983b08c9feb30921e6d8"},
]
more-itertools = [
    {file = "more-itertools-8.1.0.tar.gz", hash = "sha256:c468adec578380b6281a114cb8a5db34eb1116277da92d7c46f904f0b52d3288"},
    {file = "more_itertools-8.1.0-py3-none-any.whl", hash = "sha256:1a2a32c72400d365000412fe08eb4a24ebee89997c18d3d147544f70f5403b39"},
]
oauthlib = [
    {file = "oauthlib-3.1.0-py2.py3-none-any.whl", hash = "sha256:df884cd6cbe20e32633f1db1072e9356f53638e4361bef4e8b03c9127c9328ea"},
    {file = "oauthlib-3.1.0.tar.gz", hash = "sha256:bee41cc35fcca6e988463cacc3bcb8a96224f470ca547e697b604cc697b2f889"},
]
pluggy = [
    {file = "pluggy-0.13.1-py2.py3-none-any.whl", hash = "sha256:966c145cd83c96502c3c3868f50408687b38434af77734af1e9ca461a4081d2d"},
    {file = "pluggy-0.13.1.tar.gz", hash = "sha256:15b2acde666561e1298d71b523007ed7364de07029219b604cf808bfa1c765b0"},
]
py = [
    {file = "py-1.8.1-py2.py3-none-any.whl", hash = "sha256:c20fdd83a5dbc0af9efd622bee9a5564e278f6380fffcacc43ba6f43db2813b0"},
    {file = "py-1.8.1.tar.gz", hash = "sha256:5e27081401262157467ad6e7f851b7aa402c5852dbcb3dae06768434de5752aa"},
]
pyjwt = [
    {file = "PyJWT-1.7.1-py2.py3-none-any.whl", hash = "sha256:5c6eca3c2940464d106b99ba83b00c6add741c9becaec087fb7ccdefea71350e"},
    {file = "PyJWT-1.7.1.tar.gz", hash = "sha256:8d59a976fb773f3e6a39c85636357c4f0e242707394cadadd9814f5cbaa20e96"},
]
pytest = [
    {file = "pytest-3.10.1-py2.py3-none-any.whl", hash = "sha256:3f193df1cfe1d1609d4c583838bea3d532b18d6160fd3f55c9447fdca30848ec"},
    {file = "pytest-3.10.1.tar.gz", hash = "sha256:e246cf173c01169b9617fc07264b7b1316e78d7a650055235d6d897bc80d9660"},
]
python3-openid = [
    {file = "python3-openid-3.1.0.tar.gz", hash = "sha256:628d365d687e12da12d02c6691170f4451db28d6d68d050007e4a40065868502"},
    {file = "python3_openid-3.1.0-py3-none-any.whl", hash = "sha256:0086da6b6ef3161cfe50fb1ee5cceaf2cda1700019fda03c2c5c440ca6abe4fa"},
]
pytz = [
    {file = "pytz-2019.3-py2.py3-none-any.whl", hash = "sha256:1c557d7d0e871de1f5ccd5833f60fb2550652da6be2693c1e02300743d21500d"},
    {file = "pytz-2019.3.tar.gz", hash = "sha256:b02c06db6cf09c12dd25137e563b31700d3b80fcc4ad23abb7a315f2789819be"},
]
requests = [
    {file = "requests-2.22.0-py2.py3-none-any.whl", hash = "sha256:9cf5292fcd0f598c671cfc1e0d7d1a7f13bb8085e9a590f48c010551dc6c4b31"},
    {file = "requests-2.22.0.tar.gz", hash = "sha256:11e007a8a2aa0323f5a921e9e6a2d7e4e67d9877e85773fba9ba6419025cbeb4"},
]
requests-oauthlib = [
    {file = "requests-oauthlib-1.3.0.tar.gz", hash = "sha256:b4261601a71fd721a8bd6d7aa1cc1d6a8a93b4a9f5e96626f8e4d91e8beeaa6a"},
    {file = "requests_oauthlib-1.3.0-py2.py3-none-any.whl", hash = "sha256:7f71572defaecd16372f9006f33c2ec8c077c3cfa6f5911a9a90202beb513f3d"},
    {file = "requests_oauthlib-1.3.0-py3.7.egg", hash = "sha256:fa6c47b933f01060936d87ae9327fead68768b69c6c9ea2109c48be30f2d4dbc"},
]
six = [
    {file = "six-1.14.0-py2.py3-none-any.whl", hash = "sha256:8f3cd2e254d8f793e7f3d6d9df77b92252b52637291d0f0da013c76ea2724b6c"},
    {file = "six-1.14.0.tar.gz", hash = "sha256:236bdbdce46e6e6a3d61a337c0f8b763ca1e8717c03b369e87a7ec7ce1319c0a"},
]
sqlparse = [
    {file = "sqlparse-0.3.0-py2.py3-none-any.whl", hash = "sha256:40afe6b8d4b1117e7dff5504d7a8ce07d9a1b15aeeade8a2d10f130a834f8177"},
    {file = "sqlparse-0.3.0.tar.gz", hash = "sha256:7c3dca29c022744e95b547e867cee89f4fce4373f3549ccd8797d8eb52cdb873"},
]
urllib3 = [
    {file = "urllib3-1.25.7-py2.py3-none-any.whl", hash = "sha256:a8a318824cc77d1fd4b2bec2ded92646630d7fe8619497b142c84a9e6f5a7293"},
    {file = "urllib3-1.25.7.tar.gz", hash = "sha256:f3c5fd51747d450d4dcf6f923c81f78f811aab8205fda64b0aba34a4e48b0745"},
]
zipp = [
    {file = "zipp-1.0.0-py2.py3-none-any.whl", hash = "sha256:8dda78f06bd1674bd8720df8a50bb47b6e1233c503a4eed8e7810686bde37656"},
    {file = "zipp-1.0.0.tar.gz", hash = "sha256:d38fbe01bbf7a3593a32bc35a9c4453c32bc42b98c377f9bff7e9f8da157786c"},
]
